
Microsoft Visual Studio Solution File, Format Version 12.00
# Visual Studio 14
VisualStudioVersion = 14.0.24720.0
MinimumVisualStudioVersion = 10.0.40219.1
Project("{FAE04EC0-301F-11D3-BF4B-00C04F79EFBC}") = "TestBridge", "TestBridge\TestBridge.csproj", "{3247A0CE-F717-429F-B860-718766D56601}"
EndProject
Project("{FAE04EC0-301F-11D3-BF4B-00C04F79EFBC}") = "TestRouter", "TestRouter\TestRouter.csproj", "{AF0C9F12-86F5-4A1E-8FD3-4502B69C7F94}"
EndProject
Global
	GlobalSection(SolutionConfigurationPlatforms) = preSolution
		Debug|Any CPU = Debug|Any CPU
		Release|Any CPU = Release|Any CPU
	EndGlobalSection
	GlobalSection(ProjectConfigurationPlatforms) = postSolution
		{3247A0CE-F717-429F-B860-718766D56601}.Debug|Any CPU.ActiveCfg = Debug|Any CPU
		{3247A0CE-F717-429F-B860-718766D56601}.Debug|Any CPU.Build.0 = Debug|Any CPU
		{3247A0CE-F717-429F-B860-718766D56601}.Release|Any CPU.ActiveCfg = Release|Any CPU
		{3247A0CE-F717-429F-B860-718766D56601}.Release|Any CPU.Build.0 = Release|Any CPU
		{AF0C9F12-86F5-4A1E-8FD3-4502B69C7F94}.Debug|Any CPU.ActiveCfg = Debug|Any CPU
		{AF0C9F12-86F5-4A1E-8FD3-4502B69C7F94}.Debug|Any CPU.Build.0 = Debug|Any CPU
		{AF0C9F12-86F5-4A1E-8FD3-4502B69C7F94}.Release|Any CPU.ActiveCfg = Release|Any CPU
		{AF0C9F12-86F5-4A1E-8FD3-4502B69C7F94}.Release|Any CPU.Build.0 = Release|Any CPU
	EndGlobalSection
	GlobalSection(SolutionProperties) = preSolution
		HideSolutionNode = FALSE
	EndGlobalSection
EndGlobal
